# THIS IS AN AUTOGENERATED FILE. DO NOT EDIT THIS FILE DIRECTLY.
# yarn lockfile v1


cannon-es@^0.17.1:
  version "0.17.1"
  resolved "https://registry.yarnpkg.com/cannon-es/-/cannon-es-0.17.1.tgz#39d25d37e40e1a0765c96753be6c257069b214b7"
  integrity sha512-MU2ylhpsCJJcZhKdTDpd7PXn1VK5nUQZo2QiHRu67527Q78mTE1XipeaU8RyTQQRxBiC+b9exPykg2+nVnMoRA==
